Microsoft Visual Studio Solution File, Format Version 12.00
# Visual Studio Version 17
VisualStudioVersion = 17.5.2.0
MinimumVisualStudioVersion = 10.0.40219.1
Project("{FAE04EC0-301F-11D3-BF4B-00C04F79EFBC}") = "ProjeAspNETCORE", "ProjeAspNETCORE.csproj", "{2FC95440-5D8D-B5A6-6BFC-F9FBC49BAECC}"
EndProject
Global
	GlobalSection(SolutionConfigurationPlatforms) = preSolution
		Debug|Any CPU = Debug|Any CPU
		Release|Any CPU = Release|Any CPU
	EndGlobalSection
	GlobalSection(ProjectConfigurationPlatforms) = postSolution
		{2FC95440-5D8D-B5A6-6BFC-F9FBC49BAECC}.Debug|Any CPU.ActiveCfg = Debug|Any CPU
		{2FC95440-5D8D-B5A6-6BFC-F9FBC49BAECC}.Debug|Any CPU.Build.0 = Debug|Any CPU
		{2FC95440-5D8D-B5A6-6BFC-F9FBC49BAECC}.Release|Any CPU.ActiveCfg = Release|Any CPU
		{2FC95440-5D8D-B5A6-6BFC-F9FBC49BAECC}.Release|Any CPU.Build.0 = Release|Any CPU
	EndGlobalSection
	GlobalSection(SolutionProperties) = preSolution
		HideSolutionNode = FALSE
	EndGlobalSection
	GlobalSection(ExtensibilityGlobals) = postSolution
		SolutionGuid = {FC2FE135-53AE-4FBE-8F40-4A4D4C305F2D}
	EndGlobalSection
EndGlobal
